
Microsoft Visual Studio Solution File, Format Version 12.00
# Visual Studio 2013
VisualStudioVersion = 12.0.31101.0
MinimumVisualStudioVersion = 10.0.40219.1
Project("{FAE04EC0-301F-11D3-BF4B-00C04F79EFBC}") = "App13", "App13\App13\App13.csproj", "{FDD389DB-DD60-4AF8-B866-E303E1548E51}"
EndProject
Project("{FAE04EC0-301F-11D3-BF4B-00C04F79EFBC}") = "App13.iOS", "App13\App13.iOS\App13.iOS.csproj", "{57ECF629-5248-494A-B988-53E904D6701F}"
EndProject
Project("{FAE04EC0-301F-11D3-BF4B-00C04F79EFBC}") = "App13.Droid", "App13\App13.Droid\App13.Droid.csproj", "{CFD9D2DD-D660-4D9D-B532-7D47C42F56D5}"
EndProject
Project("{FAE04EC0-301F-11D3-BF4B-00C04F79EFBC}") = "App13.WinPhone", "App13\App13.WinPhone\App13.WinPhone.csproj", "{F16868F0-F15D-4054-8DF0-96C7595E7890}"
EndProject
Project("{2150E333-8FDC-42A3-9474-1A3956D46DE8}") = ".nuget", ".nuget", "{98C4E913-ACA9-404B-8A09-62B22482600D}"
	ProjectSection(SolutionItems) = preProject
		.nuget\NuGet.Config = .nuget\NuGet.Config
		.nuget\NuGet.exe = .nuget\NuGet.exe
		.nuget\NuGet.targets = .nuget\NuGet.targets
	EndProjectSection
EndProject
Global
	GlobalSection(SolutionConfigurationPlatforms) = preSolution
		Ad-Hoc|Any CPU = Ad-Hoc|Any CPU
		Ad-Hoc|ARM = Ad-Hoc|ARM
		Ad-Hoc|iPhone = Ad-Hoc|iPhone
		Ad-Hoc|iPhoneSimulator = Ad-Hoc|iPhoneSimulator
		Ad-Hoc|Mixed Platforms = Ad-Hoc|Mixed Platforms
		Ad-Hoc|x86 = Ad-Hoc|x86
		AppStore|Any CPU = AppStore|Any CPU
		AppStore|ARM = AppStore|ARM
		AppStore|iPhone = AppStore|iPhone
		AppStore|iPhoneSimulator = AppStore|iPhoneSimulator
		AppStore|Mixed Platforms = AppStore|Mixed Platforms
		AppStore|x86 = AppStore|x86
		Debug|Any CPU = Debug|Any CPU
		Debug|ARM = Debug|ARM
		Debug|iPhone = Debug|iPhone
		Debug|iPhoneSimulator = Debug|iPhoneSimulator
		Debug|Mixed Platforms = Debug|Mixed Platforms
		Debug|x86 = Debug|x86
		Release|Any CPU = Release|Any CPU
		Release|ARM = Release|ARM
		Release|iPhone = Release|iPhone
		Release|iPhoneSimulator = Release|iPhoneSimulator
		Release|Mixed Platforms = Release|Mixed Platforms
		Release|x86 = Release|x86
	EndGlobalSection
	GlobalSection(ProjectConfigurationPlatforms) = postSolution
		{FDD389DB-DD60-4AF8-B866-E303E1548E51}.Ad-Hoc|Any CPU.ActiveCfg = Release|Any CPU
		{FDD389DB-DD60-4AF8-B866-E303E1548E51}.Ad-Hoc|Any CPU.Build.0 = Release|Any CPU
		{FDD389DB-DD60-4AF8-B866-E303E1548E51}.Ad-Hoc|ARM.ActiveCfg = Release|Any CPU
		{FDD389DB-DD60-4AF8-B866-E303E1548E51}.Ad-Hoc|iPhone.ActiveCfg = Release|Any CPU
		{FDD389DB-DD60-4AF8-B866-E303E1548E51}.Ad-Hoc|iPhoneSimulator.ActiveCfg = Release|Any CPU
		{FDD389DB-DD60-4AF8-B866-E303E1548E51}.Ad-Hoc|Mixed Platforms.ActiveCfg = Release|Any CPU
		{FDD389DB-DD60-4AF8-B866-E303E1548E51}.Ad-Hoc|Mixed Platforms.Build.0 = Release|Any CPU
		{FDD389DB-DD60-4AF8-B866-E303E1548E51}.Ad-Hoc|x86.ActiveCfg = Release|Any CPU
		{FDD389DB-DD60-4AF8-B866-E303E1548E51}.AppStore|Any CPU.ActiveCfg = Release|Any CPU
		{FDD389DB-DD60-4AF8-B866-E303E1548E51}.AppStore|Any CPU.Build.0 = Release|Any CPU
		{FDD389DB-DD60-4AF8-B866-E303E1548E51}.AppStore|ARM.ActiveCfg = Release|Any CPU
		{FDD389DB-DD60-4AF8-B866-E303E1548E51}.AppStore|iPhone.ActiveCfg = Release|Any CPU
		{FDD389DB-DD60-4AF8-B866-E303E1548E51}.AppStore|iPhoneSimulator.ActiveCfg = Release|Any CPU
		{FDD389DB-DD60-4AF8-B866-E303E1548E51}.AppStore|Mixed Platforms.ActiveCfg = Release|Any CPU
		{FDD389DB-DD60-4AF8-B866-E303E1548E51}.AppStore|Mixed Platforms.Build.0 = Release|Any CPU
		{FDD389DB-DD60-4AF8-B866-E303E1548E51}.AppStore|x86.ActiveCfg = Release|Any CPU
		{FDD389DB-DD60-4AF8-B866-E303E1548E51}.Debug|Any CPU.ActiveCfg = Debug|Any CPU
		{FDD389DB-DD60-4AF8-B866-E303E1548E51}.Debug|Any CPU.Build.0 = Debug|Any CPU
		{FDD389DB-DD60-4AF8-B866-E303E1548E51}.Debug|ARM.ActiveCfg = Debug|Any CPU
		{FDD389DB-DD60-4AF8-B866-E303E1548E51}.Debug|iPhone.ActiveCfg = Debug|Any CPU
		{FDD389DB-DD60-4AF8-B866-E303E1548E51}.Debug|iPhoneSimulator.ActiveCfg = Debug|Any CPU
		{FDD389DB-DD60-4AF8-B866-E303E1548E51}.Debug|Mixed Platforms.ActiveCfg = Debug|Any CPU
		{FDD389DB-DD60-4AF8-B866-E303E1548E51}.Debug|Mixed Platforms.Build.0 = Debug|Any CPU
		{FDD389DB-DD60-4AF8-B866-E303E1548E51}.Debug|x86.ActiveCfg = Debug|Any CPU
		{FDD389DB-DD60-4AF8-B866-E303E1548E51}.Release|Any CPU.ActiveCfg = Release|Any CPU
		{FDD389DB-DD60-4AF8-B866-E303E1548E51}.Release|Any CPU.Build.0 = Release|Any CPU
		{FDD389DB-DD60-4AF8-B866-E303E1548E51}.Release|ARM.ActiveCfg = Release|Any CPU
		{FDD389DB-DD60-4AF8-B866-E303E1548E51}.Release|iPhone.ActiveCfg = Release|Any CPU
		{FDD389DB-DD60-4AF8-B866-E303E1548E51}.Release|iPhoneSimulator.ActiveCfg = Release|Any CPU
		{FDD389DB-DD60-4AF8-B866-E303E1548E51}.Release|Mixed Platforms.ActiveCfg = Release|Any CPU
		{FDD389DB-DD60-4AF8-B866-E303E1548E51}.Release|Mixed Platforms.Build.0 = Release|Any CPU
		{FDD389DB-DD60-4AF8-B866-E303E1548E51}.Release|x86.ActiveCfg = Release|Any CPU
		{57ECF629-5248-494A-B988-53E904D6701F}.Ad-Hoc|Any CPU.ActiveCfg = Ad-Hoc|iPhone
		{57ECF629-5248-494A-B988-53E904D6701F}.Ad-Hoc|ARM.ActiveCfg = Ad-Hoc|iPhone
		{57ECF629-5248-494A-B988-53E904D6701F}.Ad-Hoc|iPhone.ActiveCfg = Ad-Hoc|iPhone
		{57ECF629-5248-494A-B988-53E904D6701F}.Ad-Hoc|iPhone.Build.0 = Ad-Hoc|iPhone
		{57ECF629-5248-494A-B988-53E904D6701F}.Ad-Hoc|iPhoneSimulator.ActiveCfg = Ad-Hoc|iPhoneSimulator
		{57ECF629-5248-494A-B988-53E904D6701F}.Ad-Hoc|iPhoneSimulator.Build.0 = Ad-Hoc|iPhoneSimulator
		{57ECF629-5248-494A-B988-53E904D6701F}.Ad-Hoc|Mixed Platforms.ActiveCfg = Ad-Hoc|iPhone
		{57ECF629-5248-494A-B988-53E904D6701F}.Ad-Hoc|Mixed Platforms.Build.0 = Ad-Hoc|iPhone
		{57ECF629-5248-494A-B988-53E904D6701F}.Ad-Hoc|x86.ActiveCfg = Ad-Hoc|iPhone
		{57ECF629-5248-494A-B988-53E904D6701F}.AppStore|Any CPU.ActiveCfg = AppStore|iPhone
		{57ECF629-5248-494A-B988-53E904D6701F}.AppStore|ARM.ActiveCfg = AppStore|iPhone
		{57ECF629-5248-494A-B988-53E904D6701F}.AppStore|iPhone.ActiveCfg = AppStore|iPhone
		{57ECF629-5248-494A-B988-53E904D6701F}.AppStore|iPhone.Build.0 = AppStore|iPhone
		{57ECF629-5248-494A-B988-53E904D6701F}.AppStore|iPhoneSimulator.ActiveCfg = AppStore|iPhoneSimulator
		{57ECF629-5248-494A-B988-53E904D6701F}.AppStore|iPhoneSimulator.Build.0 = AppStore|iPhoneSimulator
		{57ECF629-5248-494A-B988-53E904D6701F}.AppStore|Mixed Platforms.ActiveCfg = AppStore|iPhone
		{57ECF629-5248-494A-B988-53E904D6701F}.AppStore|Mixed Platforms.Build.0 = AppStore|iPhone
		{57ECF629-5248-494A-B988-53E904D6701F}.AppStore|x86.ActiveCfg = AppStore|iPhone
		{57ECF629-5248-494A-B988-53E904D6701F}.Debug|Any CPU.ActiveCfg = Debug|iPhone
		{57ECF629-5248-494A-B988-53E904D6701F}.Debug|ARM.ActiveCfg = Debug|iPhone
		{57ECF629-5248-494A-B988-53E904D6701F}.Debug|iPhone.ActiveCfg = Debug|iPhone
		{57ECF629-5248-494A-B988-53E904D6701F}.Debug|iPhone.Build.0 = Debug|iPhone
		{57ECF629-5248-494A-B988-53E904D6701F}.Debug|iPhoneSimulator.ActiveCfg = Debug|iPhoneSimulator
		{57ECF629-5248-494A-B988-53E904D6701F}.Debug|iPhoneSimulator.Build.0 = Debug|iPhoneSimulator
		{57ECF629-5248-494A-B988-53E904D6701F}.Debug|Mixed Platforms.ActiveCfg = Debug|iPhone
		{57ECF629-5248-494A-B988-53E904D6701F}.Debug|Mixed Platforms.Build.0 = Debug|iPhone
		{57ECF629-5248-494A-B988-53E904D6701F}.Debug|x86.ActiveCfg = Debug|iPhone
		{57ECF629-5248-494A-B988-53E904D6701F}.Release|Any CPU.ActiveCfg = Release|iPhone
		{57ECF629-5248-494A-B988-53E904D6701F}.Release|ARM.ActiveCfg = Release|iPhone
		{57ECF629-5248-494A-B988-53E904D6701F}.Release|iPhone.ActiveCfg = Release|iPhone
		{57ECF629-5248-494A-B988-53E904D6701F}.Release|iPhone.Build.0 = Release|iPhone
		{57ECF629-5248-494A-B988-53E904D6701F}.Release|iPhoneSimulator.ActiveCfg = Release|iPhoneSimulator
		{57ECF629-5248-494A-B988-53E904D6701F}.Release|iPhoneSimulator.Build.0 = Release|iPhoneSimulator
		{57ECF629-5248-494A-B988-53E904D6701F}.Release|Mixed Platforms.ActiveCfg = Release|iPhone
		{57ECF629-5248-494A-B988-53E904D6701F}.Release|Mixed Platforms.Build.0 = Release|iPhone
		{57ECF629-5248-494A-B988-53E904D6701F}.Release|x86.ActiveCfg = Release|iPhone
		{CFD9D2DD-D660-4D9D-B532-7D47C42F56D5}.Ad-Hoc|Any CPU.ActiveCfg = Release|Any CPU
		{CFD9D2DD-D660-4D9D-B532-7D47C42F56D5}.Ad-Hoc|Any CPU.Build.0 = Release|Any CPU
		{CFD9D2DD-D660-4D9D-B532-7D47C42F56D5}.Ad-Hoc|Any CPU.Deploy.0 = Release|Any CPU
		{CFD9D2DD-D660-4D9D-B532-7D47C42F56D5}.Ad-Hoc|ARM.ActiveCfg = Release|Any CPU
		{CFD9D2DD-D660-4D9D-B532-7D47C42F56D5}.Ad-Hoc|iPhone.ActiveCfg = Release|Any CPU
		{CFD9D2DD-D660-4D9D-B532-7D47C42F56D5}.Ad-Hoc|iPhoneSimulator.ActiveCfg = Release|Any CPU
		{CFD9D2DD-D660-4D9D-B532-7D47C42F56D5}.Ad-Hoc|Mixed Platforms.ActiveCfg = Release|Any CPU
		{CFD9D2DD-D660-4D9D-B532-7D47C42F56D5}.Ad-Hoc|Mixed Platforms.Build.0 = Release|Any CPU
		{CFD9D2DD-D660-4D9D-B532-7D47C42F56D5}.Ad-Hoc|Mixed Platforms.Deploy.0 = Release|Any CPU
		{CFD9D2DD-D660-4D9D-B532-7D47C42F56D5}.Ad-Hoc|x86.ActiveCfg = Release|Any CPU
		{CFD9D2DD-D660-4D9D-B532-7D47C42F56D5}.AppStore|Any CPU.ActiveCfg = Release|Any CPU
		{CFD9D2DD-D660-4D9D-B532-7D47C42F56D5}.AppStore|Any CPU.Build.0 = Release|Any CPU
		{CFD9D2DD-D660-4D9D-B532-7D47C42F56D5}.AppStore|Any CPU.Deploy.0 = Release|Any CPU
		{CFD9D2DD-D660-4D9D-B532-7D47C42F56D5}.AppStore|ARM.ActiveCfg = Release|Any CPU
		{CFD9D2DD-D660-4D9D-B532-7D47C42F56D5}.AppStore|iPhone.ActiveCfg = Release|Any CPU
		{CFD9D2DD-D660-4D9D-B532-7D47C42F56D5}.AppStore|iPhoneSimulator.ActiveCfg = Release|Any CPU
		{CFD9D2DD-D660-4D9D-B532-7D47C42F56D5}.AppStore|Mixed Platforms.ActiveCfg = Release|Any CPU
		{CFD9D2DD-D660-4D9D-B532-7D47C42F56D5}.AppStore|Mixed Platforms.Build.0 = Release|Any CPU
		{CFD9D2DD-D660-4D9D-B532-7D47C42F56D5}.AppStore|Mixed Platforms.Deploy.0 = Release|Any CPU
		{CFD9D2DD-D660-4D9D-B532-7D47C42F56D5}.AppStore|x86.ActiveCfg = Release|Any CPU
		{CFD9D2DD-D660-4D9D-B532-7D47C42F56D5}.Debug|Any CPU.ActiveCfg = Debug|Any CPU
		{CFD9D2DD-D660-4D9D-B532-7D47C42F56D5}.Debug|Any CPU.Build.0 = Debug|Any CPU
		{CFD9D2DD-D660-4D9D-B532-7D47C42F56D5}.Debug|Any CPU.Deploy.0 = Debug|Any CPU
		{CFD9D2DD-D660-4D9D-B532-7D47C42F56D5}.Debug|ARM.ActiveCfg = Debug|Any CPU
		{CFD9D2DD-D660-4D9D-B532-7D47C42F56D5}.Debug|iPhone.ActiveCfg = Debug|Any CPU
		{CFD9D2DD-D660-4D9D-B532-7D47C42F56D5}.Debug|iPhoneSimulator.ActiveCfg = Debug|Any CPU
		{CFD9D2DD-D660-4D9D-B532-7D47C42F56D5}.Debug|Mixed Platforms.ActiveCfg = Debug|Any CPU
		{CFD9D2DD-D660-4D9D-B532-7D47C42F56D5}.Debug|Mixed Platforms.Build.0 = Debug|Any CPU
		{CFD9D2DD-D660-4D9D-B532-7D47C42F56D5}.Debug|Mixed Platforms.Deploy.0 = Debug|Any CPU
		{CFD9D2DD-D660-4D9D-B532-7D47C42F56D5}.Debug|x86.ActiveCfg = Debug|Any CPU
		{CFD9D2DD-D660-4D9D-B532-7D47C42F56D5}.Release|Any CPU.ActiveCfg = Release|Any CPU
		{CFD9D2DD-D660-4D9D-B532-7D47C42F56D5}.Release|Any CPU.Build.0 = Release|Any CPU
		{CFD9D2DD-D660-4D9D-B532-7D47C42F56D5}.Release|Any CPU.Deploy.0 = Release|Any CPU
		{CFD9D2DD-D660-4D9D-B532-7D47C42F56D5}.Release|ARM.ActiveCfg = Release|Any CPU
		{CFD9D2DD-D660-4D9D-B532-7D47C42F56D5}.Release|iPhone.ActiveCfg = Release|Any CPU
		{CFD9D2DD-D660-4D9D-B532-7D47C42F56D5}.Release|iPhoneSimulator.ActiveCfg = Release|Any CPU
		{CFD9D2DD-D660-4D9D-B532-7D47C42F56D5}.Release|Mixed Platforms.ActiveCfg = Release|Any CPU
		{CFD9D2DD-D660-4D9D-B532-7D47C42F56D5}.Release|Mixed Platforms.Build.0 = Release|Any CPU
		{CFD9D2DD-D660-4D9D-B532-7D47C42F56D5}.Release|Mixed Platforms.Deploy.0 = Release|Any CPU
		{CFD9D2DD-D660-4D9D-B532-7D47C42F56D5}.Release|x86.ActiveCfg = Release|Any CPU
		{F16868F0-F15D-4054-8DF0-96C7595E7890}.Ad-Hoc|Any CPU.ActiveCfg = Release|Any CPU
		{F16868F0-F15D-4054-8DF0-96C7595E7890}.Ad-Hoc|Any CPU.Build.0 = Release|Any CPU
		{F16868F0-F15D-4054-8DF0-96C7595E7890}.Ad-Hoc|Any CPU.Deploy.0 = Release|Any CPU
		{F16868F0-F15D-4054-8DF0-96C7595E7890}.Ad-Hoc|ARM.ActiveCfg = Release|ARM
		{F16868F0-F15D-4054-8DF0-96C7595E7890}.Ad-Hoc|ARM.Build.0 = Release|ARM
		{F16868F0-F15D-4054-8DF0-96C7595E7890}.Ad-Hoc|ARM.Deploy.0 = Release|ARM
		{F16868F0-F15D-4054-8DF0-96C7595E7890}.Ad-Hoc|iPhone.ActiveCfg = Release|Any CPU
		{F16868F0-F15D-4054-8DF0-96C7595E7890}.Ad-Hoc|iPhoneSimulator.ActiveCfg = Release|Any CPU
		{F16868F0-F15D-4054-8DF0-96C7595E7890}.Ad-Hoc|Mixed Platforms.ActiveCfg = Release|x86
		{F16868F0-F15D-4054-8DF0-96C7595E7890}.Ad-Hoc|Mixed Platforms.Build.0 = Release|x86
		{F16868F0-F15D-4054-8DF0-96C7595E7890}.Ad-Hoc|Mixed Platforms.Deploy.0 = Release|x86
		{F16868F0-F15D-4054-8DF0-96C7595E7890}.Ad-Hoc|x86.ActiveCfg = Release|x86
		{F16868F0-F15D-4054-8DF0-96C7595E7890}.Ad-Hoc|x86.Build.0 = Release|x86
		{F16868F0-F15D-4054-8DF0-96C7595E7890}.Ad-Hoc|x86.Deploy.0 = Release|x86
		{F16868F0-F15D-4054-8DF0-96C7595E7890}.AppStore|Any CPU.ActiveCfg = Release|Any CPU
		{F16868F0-F15D-4054-8DF0-96C7595E7890}.AppStore|Any CPU.Build.0 = Release|Any CPU
		{F16868F0-F15D-4054-8DF0-96C7595E7890}.AppStore|Any CPU.Deploy.0 = Release|Any CPU
		{F16868F0-F15D-4054-8DF0-96C7595E7890}.AppStore|ARM.ActiveCfg = Release|ARM
		{F16868F0-F15D-4054-8DF0-96C7595E7890}.AppStore|ARM.Build.0 = Release|ARM
		{F16868F0-F15D-4054-8DF0-96C7595E7890}.AppStore|ARM.Deploy.0 = Release|ARM
		{F16868F0-F15D-4054-8DF0-96C7595E7890}.AppStore|iPhone.ActiveCfg = Release|Any CPU
		{F16868F0-F15D-4054-8DF0-96C7595E7890}.AppStore|iPhoneSimulator.ActiveCfg = Release|Any CPU
		{F16868F0-F15D-4054-8DF0-96C7595E7890}.AppStore|Mixed Platforms.ActiveCfg = Release|x86
		{F16868F0-F15D-4054-8DF0-96C7595E7890}.AppStore|Mixed Platforms.Build.0 = Release|x86
		{F16868F0-F15D-4054-8DF0-96C7595E7890}.AppStore|Mixed Platforms.Deploy.0 = Release|x86
		{F16868F0-F15D-4054-8DF0-96C7595E7890}.AppStore|x86.ActiveCfg = Release|x86
		{F16868F0-F15D-4054-8DF0-96C7595E7890}.AppStore|x86.Build.0 = Release|x86
		{F16868F0-F15D-4054-8DF0-96C7595E7890}.AppStore|x86.Deploy.0 = Release|x86
		{F16868F0-F15D-4054-8DF0-96C7595E7890}.Debug|Any CPU.ActiveCfg = Debug|Any CPU
		{F16868F0-F15D-4054-8DF0-96C7595E7890}.Debug|Any CPU.Build.0 = Debug|Any CPU
		{F16868F0-F15D-4054-8DF0-96C7595E7890}.Debug|Any CPU.Deploy.0 = Debug|Any CPU
		{F16868F0-F15D-4054-8DF0-96C7595E7890}.Debug|ARM.ActiveCfg = Debug|ARM
		{F16868F0-F15D-4054-8DF0-96C7595E7890}.Debug|ARM.Build.0 = Debug|ARM
		{F16868F0-F15D-4054-8DF0-96C7595E7890}.Debug|ARM.Deploy.0 = Debug|ARM
		{F16868F0-F15D-4054-8DF0-96C7595E7890}.Debug|iPhone.ActiveCfg = Debug|Any CPU
		{F16868F0-F15D-4054-8DF0-96C7595E7890}.Debug|iPhoneSimulator.ActiveCfg = Debug|Any CPU
		{F16868F0-F15D-4054-8DF0-96C7595E7890}.Debug|Mixed Platforms.ActiveCfg = Debug|x86
		{F16868F0-F15D-4054-8DF0-96C7595E7890}.Debug|Mixed Platforms.Build.0 = Debug|x86
		{F16868F0-F15D-4054-8DF0-96C7595E7890}.Debug|Mixed Platforms.Deploy.0 = Debug|x86
		{F16868F0-F15D-4054-8DF0-96C7595E7890}.Debug|x86.ActiveCfg = Debug|x86
		{F16868F0-F15D-4054-8DF0-96C7595E7890}.Debug|x86.Build.0 = Debug|x86
		{F16868F0-F15D-4054-8DF0-96C7595E7890}.Debug|x86.Deploy.0 = Debug|x86
		{F16868F0-F15D-4054-8DF0-96C7595E7890}.Release|Any CPU.ActiveCfg = Release|Any CPU
		{F16868F0-F15D-4054-8DF0-96C7595E7890}.Release|Any CPU.Build.0 = Release|Any CPU
		{F16868F0-F15D-4054-8DF0-96C7595E7890}.Release|Any CPU.Deploy.0 = Release|Any CPU
		{F16868F0-F15D-4054-8DF0-96C7595E7890}.Release|ARM.ActiveCfg = Release|ARM
		{F16868F0-F15D-4054-8DF0-96C7595E7890}.Release|ARM.Build.0 = Release|ARM
		{F16868F0-F15D-4054-8DF0-96C7595E7890}.Release|ARM.Deploy.0 = Release|ARM
		{F16868F0-F15D-4054-8DF0-96C7595E7890}.Release|iPhone.ActiveCfg = Release|Any CPU
		{F16868F0-F15D-4054-8DF0-96C7595E7890}.Release|iPhoneSimulator.ActiveCfg = Release|Any CPU
		{F16868F0-F15D-4054-8DF0-96C7595E7890}.Release|Mixed Platforms.ActiveCfg = Release|x86
		{F16868F0-F15D-4054-8DF0-96C7595E7890}.Release|Mixed Platforms.Build.0 = Release|x86
		{F16868F0-F15D-4054-8DF0-96C7595E7890}.Release|Mixed Platforms.Deploy.0 = Release|x86
		{F16868F0-F15D-4054-8DF0-96C7595E7890}.Release|x86.ActiveCfg = Release|x86
		{F16868F0-F15D-4054-8DF0-96C7595E7890}.Release|x86.Build.0 = Release|x86
		{F16868F0-F15D-4054-8DF0-96C7595E7890}.Release|x86.Deploy.0 = Release|x86
	EndGlobalSection
	GlobalSection(SolutionProperties) = preSolution
		HideSolutionNode = FALSE
	EndGlobalSection
EndGlobal
